
Microsoft Visual Studio Solution File, Format Version 12.00
# Visual Studio Version 16
VisualStudioVersion = 16.0.30804.86
MinimumVisualStudioVersion = 10.0.40219.1
Project("{9A19103F-16F7-4668-BE54-9A1E7A4F7556}") = "Yalta", "Yalta.csproj", "{5D612B20-A96E-4FC3-80EC-F373CB094319}"
EndProject
Global
	GlobalSection(SolutionConfigurationPlatforms) = preSolution
		Debug|Any CPU = Debug|Any CPU
		Release|Any CPU = Release|Any CPU
	EndGlobalSection
	GlobalSection(ProjectConfigurationPlatforms) = postSolution
		{5D612B20-A96E-4FC3-80EC-F373CB094319}.Debug|Any CPU.ActiveCfg = Debug|Any CPU
		{5D612B20-A96E-4FC3-80EC-F373CB094319}.Debug|Any CPU.Build.0 = Debug|Any CPU
		{5D612B20-A96E-4FC3-80EC-F373CB094319}.Release|Any CPU.ActiveCfg = Release|Any CPU
		{5D612B20-A96E-4FC3-80EC-F373CB094319}.Release|Any CPU.Build.0 = Release|Any CPU
	EndGlobalSection
	GlobalSection(SolutionProperties) = preSolution
		HideSolutionNode = FALSE
	EndGlobalSection
	GlobalSection(ExtensibilityGlobals) = postSolution
		SolutionGuid = {86E753DE-A1DC-46DC-9C22-533320696BEA}
	EndGlobalSection
EndGlobal
